
Microsoft Visual Studio Solution File, Format Version 12.00
# Visual Studio Version 17
VisualStudioVersion = 17.9.34622.214
MinimumVisualStudioVersion = 10.0.40219.1
Project("{FAE04EC0-301F-11D3-BF4B-00C04F79EFBC}") = "20.09.2024", "20.09.2024\20.09.2024.csproj", "{DCB38C1E-6E50-40FF-BE70-1B98C28814EC}"
EndProject
Global
	GlobalSection(SolutionConfigurationPlatforms) = preSolution
		Debug|Any CPU = Debug|Any CPU
		Release|Any CPU = Release|Any CPU
	EndGlobalSection
	GlobalSection(ProjectConfigurationPlatforms) = postSolution
		{DCB38C1E-6E50-40FF-BE70-1B98C28814EC}.Debug|Any CPU.ActiveCfg = Debug|Any CPU
		{DCB38C1E-6E50-40FF-BE70-1B98C28814EC}.Debug|Any CPU.Build.0 = Debug|Any CPU
		{DCB38C1E-6E50-40FF-BE70-1B98C28814EC}.Release|Any CPU.ActiveCfg = Release|Any CPU
		{DCB38C1E-6E50-40FF-BE70-1B98C28814EC}.Release|Any CPU.Build.0 = Release|Any CPU
	EndGlobalSection
	GlobalSection(SolutionProperties) = preSolution
		HideSolutionNode = FALSE
	EndGlobalSection
	GlobalSection(ExtensibilityGlobals) = postSolution
		SolutionGuid = {22C5EAF7-EE62-4EAB-8DCE-573556C61E92}
	EndGlobalSection
EndGlobal
